
Microsoft Visual Studio Solution File, Format Version 12.00
# Visual Studio Version 17
VisualStudioVersion = 17.7.34031.279
MinimumVisualStudioVersion = 10.0.40219.1
Project("{FAE04EC0-301F-11D3-BF4B-00C04F79EFBC}") = "P_5", "P_5\P_5.csproj", "{AD746130-FA14-4FBB-B4D5-D264B346349E}"
EndProject
Global
	GlobalSection(SolutionConfigurationPlatforms) = preSolution
		Debug|Any CPU = Debug|Any CPU
		Release|Any CPU = Release|Any CPU
	EndGlobalSection
	GlobalSection(ProjectConfigurationPlatforms) = postSolution
		{AD746130-FA14-4FBB-B4D5-D264B346349E}.Debug|Any CPU.ActiveCfg = Debug|Any CPU
		{AD746130-FA14-4FBB-B4D5-D264B346349E}.Debug|Any CPU.Build.0 = Debug|Any CPU
		{AD746130-FA14-4FBB-B4D5-D264B346349E}.Release|Any CPU.ActiveCfg = Release|Any CPU
		{AD746130-FA14-4FBB-B4D5-D264B346349E}.Release|Any CPU.Build.0 = Release|Any CPU
	EndGlobalSection
	GlobalSection(SolutionProperties) = preSolution
		HideSolutionNode = FALSE
	EndGlobalSection
	GlobalSection(ExtensibilityGlobals) = postSolution
		SolutionGuid = {B67A2AD1-81B3-4161-9A09-6C9679D8B644}
	EndGlobalSection
EndGlobal
